
Microsoft Visual Studio Solution File, Format Version 12.00
# Visual Studio Version 17
VisualStudioVersion = 17.8.34511.84
MinimumVisualStudioVersion = 10.0.40219.1
Project("{FAE04EC0-301F-11D3-BF4B-00C04F79EFBC}") = "Buoi_1", "Buoi_1\Buoi_1.csproj", "{4620C1ED-8BE2-4030-B5C6-F18846B3E069}"
EndProject
Project("{FAE04EC0-301F-11D3-BF4B-00C04F79EFBC}") = "BTVN_Buoi_3", "BTVN_Buoi_3\BTVN_Buoi_3.csproj", "{A272C485-D541-462D-97B4-B6AABBA02318}"
EndProject
Project("{FAE04EC0-301F-11D3-BF4B-00C04F79EFBC}") = "Buoi_3_Mang", "Buoi_3_Mang\Buoi_3_Mang.csproj", "{628A1FF5-82B6-4FBD-80CB-8B0783250804}"
EndProject
Project("{FAE04EC0-301F-11D3-BF4B-00C04F79EFBC}") = "Buoi_3_Ham", "Buoi_3_Ham\Buoi_3_Ham.csproj", "{646D9CC8-5440-4FD9-8BC6-D90568A13DAC}"
EndProject
Project("{FAE04EC0-301F-11D3-BF4B-00C04F79EFBC}") = "BTVN_Buoi_2", "BTVN_Buoi_2\BTVN_Buoi_2.csproj", "{FBCF7E2B-DAE4-4952-A3CB-9CF026C03EF9}"
EndProject
Global
	GlobalSection(SolutionConfigurationPlatforms) = preSolution
		Debug|Any CPU = Debug|Any CPU
		Release|Any CPU = Release|Any CPU
	EndGlobalSection
	GlobalSection(ProjectConfigurationPlatforms) = postSolution
		{4620C1ED-8BE2-4030-B5C6-F18846B3E069}.Debug|Any CPU.ActiveCfg = Debug|Any CPU
		{4620C1ED-8BE2-4030-B5C6-F18846B3E069}.Debug|Any CPU.Build.0 = Debug|Any CPU
		{4620C1ED-8BE2-4030-B5C6-F18846B3E069}.Release|Any CPU.ActiveCfg = Release|Any CPU
		{4620C1ED-8BE2-4030-B5C6-F18846B3E069}.Release|Any CPU.Build.0 = Release|Any CPU
		{A272C485-D541-462D-97B4-B6AABBA02318}.Debug|Any CPU.ActiveCfg = Debug|Any CPU
		{A272C485-D541-462D-97B4-B6AABBA02318}.Debug|Any CPU.Build.0 = Debug|Any CPU
		{A272C485-D541-462D-97B4-B6AABBA02318}.Release|Any CPU.ActiveCfg = Release|Any CPU
		{A272C485-D541-462D-97B4-B6AABBA02318}.Release|Any CPU.Build.0 = Release|Any CPU
		{628A1FF5-82B6-4FBD-80CB-8B0783250804}.Debug|Any CPU.ActiveCfg = Debug|Any CPU
		{628A1FF5-82B6-4FBD-80CB-8B0783250804}.Debug|Any CPU.Build.0 = Debug|Any CPU
		{628A1FF5-82B6-4FBD-80CB-8B0783250804}.Release|Any CPU.ActiveCfg = Release|Any CPU
		{628A1FF5-82B6-4FBD-80CB-8B0783250804}.Release|Any CPU.Build.0 = Release|Any CPU
		{646D9CC8-5440-4FD9-8BC6-D90568A13DAC}.Debug|Any CPU.ActiveCfg = Debug|Any CPU
		{646D9CC8-5440-4FD9-8BC6-D90568A13DAC}.Debug|Any CPU.Build.0 = Debug|Any CPU
		{646D9CC8-5440-4FD9-8BC6-D90568A13DAC}.Release|Any CPU.ActiveCfg = Release|Any CPU
		{646D9CC8-5440-4FD9-8BC6-D90568A13DAC}.Release|Any CPU.Build.0 = Release|Any CPU
		{FBCF7E2B-DAE4-4952-A3CB-9CF026C03EF9}.Debug|Any CPU.ActiveCfg = Debug|Any CPU
		{FBCF7E2B-DAE4-4952-A3CB-9CF026C03EF9}.Debug|Any CPU.Build.0 = Debug|Any CPU
		{FBCF7E2B-DAE4-4952-A3CB-9CF026C03EF9}.Release|Any CPU.ActiveCfg = Release|Any CPU
		{FBCF7E2B-DAE4-4952-A3CB-9CF026C03EF9}.Release|Any CPU.Build.0 = Release|Any CPU
	EndGlobalSection
	GlobalSection(SolutionProperties) = preSolution
		HideSolutionNode = FALSE
	EndGlobalSection
	GlobalSection(ExtensibilityGlobals) = postSolution
		SolutionGuid = {E4B010FF-1A5C-4AF6-A926-03326711A639}
	EndGlobalSection
EndGlobal
